
Microsoft Visual Studio Solution File, Format Version 12.00
# Visual Studio Version 17
VisualStudioVersion = 17.9.34902.65
MinimumVisualStudioVersion = 10.0.40219.1
Project("{FAE04EC0-301F-11D3-BF4B-00C04F79EFBC}") = "Vista", "Vista\Vista.csproj", "{79445E48-5EB7-4B55-92BE-AB7A93F42489}"
EndProject
Project("{FAE04EC0-301F-11D3-BF4B-00C04F79EFBC}") = "Control", "Control\Control.csproj", "{A8151FBE-221C-4E95-B7C7-21C04BEA17B6}"
EndProject
Project("{FAE04EC0-301F-11D3-BF4B-00C04F79EFBC}") = "Datos", "Datos\Datos.csproj", "{C34B4DB1-707C-41EE-A11B-28533980AEEF}"
EndProject
Global
	GlobalSection(SolutionConfigurationPlatforms) = preSolution
		Debug|Any CPU = Debug|Any CPU
		Release|Any CPU = Release|Any CPU
	EndGlobalSection
	GlobalSection(ProjectConfigurationPlatforms) = postSolution
		{79445E48-5EB7-4B55-92BE-AB7A93F42489}.Debug|Any CPU.ActiveCfg = Debug|Any CPU
		{79445E48-5EB7-4B55-92BE-AB7A93F42489}.Debug|Any CPU.Build.0 = Debug|Any CPU
		{79445E48-5EB7-4B55-92BE-AB7A93F42489}.Release|Any CPU.ActiveCfg = Release|Any CPU
		{79445E48-5EB7-4B55-92BE-AB7A93F42489}.Release|Any CPU.Build.0 = Release|Any CPU
		{A8151FBE-221C-4E95-B7C7-21C04BEA17B6}.Debug|Any CPU.ActiveCfg = Debug|Any CPU
		{A8151FBE-221C-4E95-B7C7-21C04BEA17B6}.Debug|Any CPU.Build.0 = Debug|Any CPU
		{A8151FBE-221C-4E95-B7C7-21C04BEA17B6}.Release|Any CPU.ActiveCfg = Release|Any CPU
		{A8151FBE-221C-4E95-B7C7-21C04BEA17B6}.Release|Any CPU.Build.0 = Release|Any CPU
		{C34B4DB1-707C-41EE-A11B-28533980AEEF}.Debug|Any CPU.ActiveCfg = Debug|Any CPU
		{C34B4DB1-707C-41EE-A11B-28533980AEEF}.Debug|Any CPU.Build.0 = Debug|Any CPU
		{C34B4DB1-707C-41EE-A11B-28533980AEEF}.Release|Any CPU.ActiveCfg = Release|Any CPU
		{C34B4DB1-707C-41EE-A11B-28533980AEEF}.Release|Any CPU.Build.0 = Release|Any CPU
	EndGlobalSection
	GlobalSection(SolutionProperties) = preSolution
		HideSolutionNode = FALSE
	EndGlobalSection
	GlobalSection(ExtensibilityGlobals) = postSolution
		SolutionGuid = {F6A2A61F-FDD5-48EE-97D3-E0A7113D7FAE}
	EndGlobalSection
EndGlobal
